
Microsoft Visual Studio Solution File, Format Version 12.00
# Visual Studio Version 17
VisualStudioVersion = 17.9.34728.123
MinimumVisualStudioVersion = 10.0.40219.1
Project("{FAE04EC0-301F-11D3-BF4B-00C04F79EFBC}") = "ProyectoFinal", "ProyectoFinal.csproj", "{CD252DA2-F662-496D-AE80-66DD4567210B}"
EndProject
Global
	GlobalSection(SolutionConfigurationPlatforms) = preSolution
		Debug|Any CPU = Debug|Any CPU
		Release|Any CPU = Release|Any CPU
	EndGlobalSection
	GlobalSection(ProjectConfigurationPlatforms) = postSolution
		{CD252DA2-F662-496D-AE80-66DD4567210B}.Debug|Any CPU.ActiveCfg = Debug|Any CPU
		{CD252DA2-F662-496D-AE80-66DD4567210B}.Debug|Any CPU.Build.0 = Debug|Any CPU
		{CD252DA2-F662-496D-AE80-66DD4567210B}.Release|Any CPU.ActiveCfg = Release|Any CPU
		{CD252DA2-F662-496D-AE80-66DD4567210B}.Release|Any CPU.Build.0 = Release|Any CPU
	EndGlobalSection
	GlobalSection(SolutionProperties) = preSolution
		HideSolutionNode = FALSE
	EndGlobalSection
	GlobalSection(ExtensibilityGlobals) = postSolution
		SolutionGuid = {7D72C577-CC83-44CE-90D4-82E0DEE9765D}
	EndGlobalSection
EndGlobal
